
Microsoft Visual Studio Solution File, Format Version 12.00
# Visual Studio Version 16
VisualStudioVersion = 16.0.31424.327
MinimumVisualStudioVersion = 10.0.40219.1
Project("{FAE04EC0-301F-11D3-BF4B-00C04F79EFBC}") = "SignalRDemo.Server", "SignalRDemo.Server\SignalRDemo.Server.csproj", "{11E767FB-764D-4476-8359-64A7AF1272D7}"
EndProject
Project("{FAE04EC0-301F-11D3-BF4B-00C04F79EFBC}") = "SignalRDemo.Client", "SignalRDemo.Client\SignalRDemo.Client.csproj", "{779513A0-933B-4EC4-9906-D6CD222EBBD5}"
EndProject
Global
	GlobalSection(SolutionConfigurationPlatforms) = preSolution
		Debug|Any CPU = Debug|Any CPU
		Release|Any CPU = Release|Any CPU
	EndGlobalSection
	GlobalSection(ProjectConfigurationPlatforms) = postSolution
		{11E767FB-764D-4476-8359-64A7AF1272D7}.Debug|Any CPU.ActiveCfg = Debug|Any CPU
		{11E767FB-764D-4476-8359-64A7AF1272D7}.Debug|Any CPU.Build.0 = Debug|Any CPU
		{11E767FB-764D-4476-8359-64A7AF1272D7}.Release|Any CPU.ActiveCfg = Release|Any CPU
		{11E767FB-764D-4476-8359-64A7AF1272D7}.Release|Any CPU.Build.0 = Release|Any CPU
		{779513A0-933B-4EC4-9906-D6CD222EBBD5}.Debug|Any CPU.ActiveCfg = Debug|Any CPU
		{779513A0-933B-4EC4-9906-D6CD222EBBD5}.Debug|Any CPU.Build.0 = Debug|Any CPU
		{779513A0-933B-4EC4-9906-D6CD222EBBD5}.Release|Any CPU.ActiveCfg = Release|Any CPU
		{779513A0-933B-4EC4-9906-D6CD222EBBD5}.Release|Any CPU.Build.0 = Release|Any CPU
	EndGlobalSection
	GlobalSection(SolutionProperties) = preSolution
		HideSolutionNode = FALSE
	EndGlobalSection
	GlobalSection(ExtensibilityGlobals) = postSolution
		SolutionGuid = {515AB018-0885-4666-9402-03307BDF8F07}
	EndGlobalSection
EndGlobal
